{
	"name": "richtypo-example",
	"version": "4.0.20",
	"lockfileVersion": 1,
	"requires": true,
	"dependencies": {
		"@types/node": {
			"version": "10.12.1",
			"resolved": "https://registry.npmjs.org/@types/node/-/node-10.12.1.tgz",
			"integrity": "sha512-i1sl+WCX2OCHeUi9oi7PiCNUtYFrpWhpcx878vpeq/tlZTKzcFdHePlyFHVbWqeuKN0SRPl/9ZFDSTsfv9h7VQ=="
		},
		"ansi-regex": {
			"version": "3.0.0",
			"resolved": "https://registry.npmjs.org/ansi-regex/-/ansi-regex-3.0.0.tgz",
			"integrity": "sha1-7QMXwyIGT3lGbAKWa922Bas32Zg="
		},
		"ansi-styles": {
			"version": "3.2.1",
			"resolved": "https://registry.npmjs.org/ansi-styles/-/ansi-styles-3.2.1.tgz",
			"integrity": "sha512-VT0ZI6kZRdTh8YyJw3SMbYm/u+NqfsAxEpWO0Pf9sq8/e94WxxOpPKx9FR1FlyCtOVDNOQ+8ntlqFxiRc+r5qA==",
			"requires": {
				"color-convert": "^1.9.0"
			}
		},
		"argparse": {
			"version": "1.0.10",
			"resolved": "https://registry.npmjs.org/argparse/-/argparse-1.0.10.tgz",
			"integrity": "sha512-o5Roy6tNG4SL/FOkCAN6RzjiakZS25RLYFrcMttJqbdd8BWrnA+fGz57iN5Pb06pvBGvl5gQ0B48dJlslXvoTg==",
			"requires": {
				"sprintf-js": "~1.0.2"
			}
		},
		"bail": {
			"version": "1.0.3",
			"resolved": "https://registry.npmjs.org/bail/-/bail-1.0.3.tgz",
			"integrity": "sha512-1X8CnjFVQ+a+KW36uBNMTU5s8+v5FzeqrP7hTG5aTb4aPreSbZJlhwPon9VKMuEVgV++JM+SQrALY3kr7eswdg=="
		},
		"balanced-match": {
			"version": "1.0.0",
			"resolved": "https://registry.npmjs.org/balanced-match/-/balanced-match-1.0.0.tgz",
			"integrity": "sha1-ibTRmasr7kneFk6gK4nORi1xt2c="
		},
		"brace-expansion": {
			"version": "1.1.11",
			"resolved": "https://registry.npmjs.org/brace-expansion/-/brace-expansion-1.1.11.tgz",
			"integrity": "sha512-iCuPHDFgrHX7H2vEI/5xpz07zSHB00TpugqhmYtVmMO6518mCuRMoOYFldEBl0g187ufozdaHgWKcYFb61qGiA==",
			"requires": {
				"balanced-match": "^1.0.0",
				"concat-map": "0.0.1"
			}
		},
		"ccount": {
			"version": "1.0.3",
			"resolved": "https://registry.npmjs.org/ccount/-/ccount-1.0.3.tgz",
			"integrity": "sha512-Jt9tIBkRc9POUof7QA/VwWd+58fKkEEfI+/t1/eOlxKM7ZhrczNzMFefge7Ai+39y1pR/pP6cI19guHy3FSLmw=="
		},
		"chalk": {
			"version": "2.4.1",
			"resolved": "https://registry.npmjs.org/chalk/-/chalk-2.4.1.tgz",
			"integrity": "sha512-ObN6h1v2fTJSmUXoS3nMQ92LbDK9be4TV+6G+omQlGJFdcUX5heKi1LZ1YnRMIgwTLEj3E24bT6tYni50rlCfQ==",
			"requires": {
				"ansi-styles": "^3.2.1",
				"escape-string-regexp": "^1.0.5",
				"supports-color": "^5.3.0"
			}
		},
		"character-entities": {
			"version": "1.2.2",
			"resolved": "https://registry.npmjs.org/character-entities/-/character-entities-1.2.2.tgz",
			"integrity": "sha512-sMoHX6/nBiy3KKfC78dnEalnpn0Az0oSNvqUWYTtYrhRI5iUIYsROU48G+E+kMFQzqXaJ8kHJZ85n7y6/PHgwQ=="
		},
		"character-entities-html4": {
			"version": "1.1.2",
			"resolved": "https://registry.npmjs.org/character-entities-html4/-/character-entities-html4-1.1.2.tgz",
			"integrity": "sha512-sIrXwyna2+5b0eB9W149izTPJk/KkJTg6mEzDGibwBUkyH1SbDa+nf515Ppdi3MaH35lW0JFJDWeq9Luzes1Iw=="
		},
		"character-entities-legacy": {
			"version": "1.1.2",
			"resolved": "https://registry.npmjs.org/character-entities-legacy/-/character-entities-legacy-1.1.2.tgz",
			"integrity": "sha512-9NB2VbXtXYWdXzqrvAHykE/f0QJxzaKIpZ5QzNZrrgQ7Iyxr2vnfS8fCBNVW9nUEZE0lo57nxKRqnzY/dKrwlA=="
		},
		"character-reference-invalid": {
			"version": "1.1.2",
			"resolved": "https://registry.npmjs.org/character-reference-invalid/-/character-reference-invalid-1.1.2.tgz",
			"integrity": "sha512-7I/xceXfKyUJmSAn/jw8ve/9DyOP7XxufNYLI9Px7CmsKgEUaZLUTax6nZxGQtaoiZCjpu6cHPj20xC/vqRReQ=="
		},
		"collapse-white-space": {
			"version": "1.0.4",
			"resolved": "https://registry.npmjs.org/collapse-white-space/-/collapse-white-space-1.0.4.tgz",
			"integrity": "sha512-YfQ1tAUZm561vpYD+5eyWN8+UsceQbSrqqlc/6zDY2gtAE+uZLSdkkovhnGpmCThsvKBFakq4EdY/FF93E8XIw=="
		},
		"color-convert": {
			"version": "1.9.3",
			"resolved": "https://registry.npmjs.org/color-convert/-/color-convert-1.9.3.tgz",
			"integrity": "sha512-QfAUtd+vFdAtFQcC8CCyYt1fYWxSqAiK2cSD6zDB8N3cpsEBAvRxp9zOGg6G/SHHJYAT88/az/IuDGALsNVbGg==",
			"requires": {
				"color-name": "1.1.3"
			}
		},
		"color-name": {
			"version": "1.1.3",
			"resolved": "https://registry.npmjs.org/color-name/-/color-name-1.1.3.tgz",
			"integrity": "sha1-p9BVi9icQveV3UIyj3QIMcpTvCU="
		},
		"comma-separated-tokens": {
			"version": "1.0.5",
			"resolved": "https://registry.npmjs.org/comma-separated-tokens/-/comma-separated-tokens-1.0.5.tgz",
			"integrity": "sha512-Cg90/fcK93n0ecgYTAz1jaA3zvnQ0ExlmKY1rdbyHqAx6BHxwoJc+J7HDu0iuQ7ixEs1qaa+WyQ6oeuBpYP1iA==",
			"requires": {
				"trim": "0.0.1"
			}
		},
		"concat-map": {
			"version": "0.0.1",
			"resolved": "https://registry.npmjs.org/concat-map/-/concat-map-0.0.1.tgz",
			"integrity": "sha1-2Klr13/Wjfd5OnMDajug1UBdR3s="
		},
		"core-util-is": {
			"version": "1.0.2",
			"resolved": "https://registry.npmjs.org/core-util-is/-/core-util-is-1.0.2.tgz",
			"integrity": "sha1-tf1UIgqivFq1eqtxQMlAdUUDwac="
		},
		"detab": {
			"version": "2.0.1",
			"resolved": "https://registry.npmjs.org/detab/-/detab-2.0.1.tgz",
			"integrity": "sha512-/hhdqdQc5thGrqzjyO/pz76lDZ5GSuAs6goxOaKTsvPk7HNnzAyFN5lyHgqpX4/s1i66K8qMGj+VhA9504x7DQ==",
			"requires": {
				"repeat-string": "^1.5.4"
			}
		},
		"duplexer": {
			"version": "0.1.1",
			"resolved": "http://registry.npmjs.org/duplexer/-/duplexer-0.1.1.tgz",
			"integrity": "sha1-rOb/gIwc5mtX0ev5eXessCM0z8E="
		},
		"escape-html": {
			"version": "1.0.3",
			"resolved": "https://registry.npmjs.org/escape-html/-/escape-html-1.0.3.tgz",
			"integrity": "sha1-Aljq5NPQwJdN4cFpGI7wBR0dGYg="
		},
		"escape-string-regexp": {
			"version": "1.0.5",
			"resolved": "https://registry.npmjs.org/escape-string-regexp/-/escape-string-regexp-1.0.5.tgz",
			"integrity": "sha1-G2HAViGQqN/2rjuyzwIAyhMLhtQ="
		},
		"esprima": {
			"version": "4.0.1",
			"resolved": "https://registry.npmjs.org/esprima/-/esprima-4.0.1.tgz",
			"integrity": "sha512-eGuFFw7Upda+g4p+QHvnW0RyTX/SVeJBDM/gCtMARO0cLuT2HcEKnTPvhjV6aGeqrCB/sbNop0Kszm0jsaWU4A=="
		},
		"extend": {
			"version": "3.0.2",
			"resolved": "https://registry.npmjs.org/extend/-/extend-3.0.2.tgz",
			"integrity": "sha512-fjquC59cD7CyW6urNXK0FBufkZcoiGG80wTuPujX590cB5Ttln20E2UB4S/WARVqhXffZl2LNgS+gQdPIIim/g=="
		},
		"fastmatter": {
			"version": "2.1.0",
			"resolved": "https://registry.npmjs.org/fastmatter/-/fastmatter-2.1.0.tgz",
			"integrity": "sha512-zaROYc1fo+np7+YLG/Cu6/gUZzBGBwOobItR2R2dZUspLwAZ0r67m+4cduFuk9OeeKJjMUqxqgwwgeX2uLKa0A==",
			"requires": {
				"js-yaml": "^3.11.0",
				"split": "^1.0.1",
				"stream-combiner": "^0.2.2",
				"through2": "^2.0.0"
			}
		},
		"fault": {
			"version": "1.0.2",
			"resolved": "https://registry.npmjs.org/fault/-/fault-1.0.2.tgz",
			"integrity": "sha512-o2eo/X2syzzERAtN5LcGbiVQ0WwZSlN3qLtadwAz3X8Bu+XWD16dja/KMsjZLiQr+BLGPDnHGkc4yUJf1Xpkpw==",
			"requires": {
				"format": "^0.2.2"
			}
		},
		"flatten": {
			"version": "1.0.2",
			"resolved": "https://registry.npmjs.org/flatten/-/flatten-1.0.2.tgz",
			"integrity": "sha1-2uRqnXj74lKSJYzB54CkHZXAN4I="
		},
		"fledermaus": {
			"version": "7.1.0",
			"resolved": "https://registry.npmjs.org/fledermaus/-/fledermaus-7.1.0.tgz",
			"integrity": "sha512-7fy8pj1HsZUcNhDF0eWURTT9UUQDxdq+9NltpLZ4HBlUYrDqze2bDlwZKykUKTZBXfuW/lIRW5Du9hO6OmXScQ==",
			"requires": {
				"chalk": "^2.3.0",
				"escape-html": "^1.0.3",
				"fastmatter": "^2.0.1",
				"glob": "^7.1.2",
				"hash-sum": "^1.0.2",
				"intl": "^1.2.5",
				"intl-format-cache": "^2.1.0",
				"intl-messageformat": "^2.2.0",
				"js-yaml": "^3.10.0",
				"lodash": "^4.17.4",
				"lowlight": "^1.9.1",
				"mkdirp": "^0.5.1",
				"parse5": "^3.0.3",
				"remark": "^8.0.0",
				"remark-html": "^7.0.0",
				"richtypo": "^2.0.0",
				"rss": "^1.2.2",
				"strip-ansi": "^4.0.0",
				"striptags": "^3.1.1",
				"unist-util-visit": "^1.3.0",
				"vdo": "^4.2.0"
			},
			"dependencies": {
				"richtypo": {
					"version": "2.0.0",
					"resolved": "https://registry.npmjs.org/richtypo/-/richtypo-2.0.0.tgz",
					"integrity": "sha1-DCustAaU4h5zO9drKDyucs6yPJ8="
				}
			}
		},
		"format": {
			"version": "0.2.2",
			"resolved": "https://registry.npmjs.org/format/-/format-0.2.2.tgz",
			"integrity": "sha1-1hcBB+nv3E7TDJ3DkBbflCtctYs="
		},
		"fs.realpath": {
			"version": "1.0.0",
			"resolved": "https://registry.npmjs.org/fs.realpath/-/fs.realpath-1.0.0.tgz",
			"integrity": "sha1-FQStJSMVjKpA20onh8sBQRmU6k8="
		},
		"glob": {
			"version": "7.1.3",
			"resolved": "https://registry.npmjs.org/glob/-/glob-7.1.3.tgz",
			"integrity": "sha512-vcfuiIxogLV4DlGBHIUOwI0IbrJ8HWPc4MU7HzviGeNho/UJDfi6B5p3sHeWIQ0KGIU0Jpxi5ZHxemQfLkkAwQ==",
			"requires": {
				"fs.realpath": "^1.0.0",
				"inflight": "^1.0.4",
				"inherits": "2",
				"minimatch": "^3.0.4",
				"once": "^1.3.0",
				"path-is-absolute": "^1.0.0"
			}
		},
		"has-flag": {
			"version": "3.0.0",
			"resolved": "https://registry.npmjs.org/has-flag/-/has-flag-3.0.0.tgz",
			"integrity": "sha1-tdRU3CGZriJWmfNGfloH87lVuv0="
		},
		"hash-sum": {
			"version": "1.0.2",
			"resolved": "https://registry.npmjs.org/hash-sum/-/hash-sum-1.0.2.tgz",
			"integrity": "sha1-M7QHd3VMZDJXPBIMw4CLvRDUfwQ="
		},
		"hast-util-is-element": {
			"version": "1.0.1",
			"resolved": "https://registry.npmjs.org/hast-util-is-element/-/hast-util-is-element-1.0.1.tgz",
			"integrity": "sha512-s/ggaNehYVqmLgTXEv12Lbb72bsOD2r5DhAqPgtDdaI/YFNXVzz0zHFVJnhjIjn7Nak8GbL4nzT2q0RA5div+A=="
		},
		"hast-util-sanitize": {
			"version": "1.2.0",
			"resolved": "https://registry.npmjs.org/hast-util-sanitize/-/hast-util-sanitize-1.2.0.tgz",
			"integrity": "sha512-VwCTqjt6fbMGacxGB1FKV5sBJaVVkyCGVMDwb4nnqvCW2lkqscA2GEpOyBx4ZWRXty1eAZF58MHBrllEoQEoBg==",
			"requires": {
				"xtend": "^4.0.1"
			}
		},
		"hast-util-to-html": {
			"version": "3.1.0",
			"resolved": "https://registry.npmjs.org/hast-util-to-html/-/hast-util-to-html-3.1.0.tgz",
			"integrity": "sha1-iCyZhJ5AEw6ZHAQuRW1FPZXDbP8=",
			"requires": {
				"ccount": "^1.0.0",
				"comma-separated-tokens": "^1.0.1",
				"hast-util-is-element": "^1.0.0",
				"hast-util-whitespace": "^1.0.0",
				"html-void-elements": "^1.0.0",
				"kebab-case": "^1.0.0",
				"property-information": "^3.1.0",
				"space-separated-tokens": "^1.0.0",
				"stringify-entities": "^1.0.1",
				"unist-util-is": "^2.0.0",
				"xtend": "^4.0.1"
			}
		},
		"hast-util-whitespace": {
			"version": "1.0.1",
			"resolved": "https://registry.npmjs.org/hast-util-whitespace/-/hast-util-whitespace-1.0.1.tgz",
			"integrity": "sha512-Mfx2ZnmVMTAopZ8as42nKrNt650tCZYhy/MPeO1Imdg/cmCWK6GUSnFrrE3ezGjVifn7x5zMfu8jrjwIGyImSw=="
		},
		"highlight.js": {
			"version": "9.12.0",
			"resolved": "https://registry.npmjs.org/highlight.js/-/highlight.js-9.12.0.tgz",
			"integrity": "sha1-5tnb5Xy+/mB1HwKvM2GVhwyQwB4="
		},
		"html-void-elements": {
			"version": "1.0.3",
			"resolved": "https://registry.npmjs.org/html-void-elements/-/html-void-elements-1.0.3.tgz",
			"integrity": "sha512-SaGhCDPXJVNrQyKMtKy24q6IMdXg5FCPN3z+xizxw9l+oXQw5fOoaj/ERU5KqWhSYhXtW5bWthlDbTDLBhJQrA=="
		},
		"inflight": {
			"version": "1.0.6",
			"resolved": "https://registry.npmjs.org/inflight/-/inflight-1.0.6.tgz",
			"integrity": "sha1-Sb1jMdfQLQwJvJEKEHW6gWW1bfk=",
			"requires": {
				"once": "^1.3.0",
				"wrappy": "1"
			}
		},
		"inherits": {
			"version": "2.0.3",
			"resolved": "https://registry.npmjs.org/inherits/-/inherits-2.0.3.tgz",
			"integrity": "sha1-Yzwsg+PaQqUC9SRmAiSA9CCCYd4="
		},
		"intl": {
			"version": "1.2.5",
			"resolved": "https://registry.npmjs.org/intl/-/intl-1.2.5.tgz",
			"integrity": "sha1-giRKIZDE5Bn4Nx9ao02qNCDiq94="
		},
		"intl-format-cache": {
			"version": "2.1.0",
			"resolved": "https://registry.npmjs.org/intl-format-cache/-/intl-format-cache-2.1.0.tgz",
			"integrity": "sha1-BKNp/sv61tpgBbrh8UMzMy3PkxY="
		},
		"intl-messageformat": {
			"version": "2.2.0",
			"resolved": "https://registry.npmjs.org/intl-messageformat/-/intl-messageformat-2.2.0.tgz",
			"integrity": "sha1-NFvNRt5jC3aDMwwuUhd/9eq0hPw=",
			"requires": {
				"intl-messageformat-parser": "1.4.0"
			}
		},
		"intl-messageformat-parser": {
			"version": "1.4.0",
			"resolved": "https://registry.npmjs.org/intl-messageformat-parser/-/intl-messageformat-parser-1.4.0.tgz",
			"integrity": "sha1-tD1FqXRoytvkQzHXS7Ho3qRPwHU="
		},
		"is-alphabetical": {
			"version": "1.0.2",
			"resolved": "https://registry.npmjs.org/is-alphabetical/-/is-alphabetical-1.0.2.tgz",
			"integrity": "sha512-V0xN4BYezDHcBSKb1QHUFMlR4as/XEuCZBzMJUU4n7+Cbt33SmUnSol+pnXFvLxSHNq2CemUXNdaXV6Flg7+xg=="
		},
		"is-alphanumeric": {
			"version": "1.0.0",
			"resolved": "https://registry.npmjs.org/is-alphanumeric/-/is-alphanumeric-1.0.0.tgz",
			"integrity": "sha1-Spzvcdr0wAHB2B1j0UDPU/1oifQ="
		},
		"is-alphanumerical": {
			"version": "1.0.2",
			"resolved": "https://registry.npmjs.org/is-alphanumerical/-/is-alphanumerical-1.0.2.tgz",
			"integrity": "sha512-pyfU/0kHdISIgslFfZN9nfY1Gk3MquQgUm1mJTjdkEPpkAKNWuBTSqFwewOpR7N351VkErCiyV71zX7mlQQqsg==",
			"requires": {
				"is-alphabetical": "^1.0.0",
				"is-decimal": "^1.0.0"
			}
		},
		"is-buffer": {
			"version": "1.1.6",
			"resolved": "https://registry.npmjs.org/is-buffer/-/is-buffer-1.1.6.tgz",
			"integrity": "sha512-NcdALwpXkTm5Zvvbk7owOUSvVvBKDgKP5/ewfXEznmQFfs4ZRmanOeKBTjRVjka3QFoN6XJ+9F3USqfHqTaU5w=="
		},
		"is-decimal": {
			"version": "1.0.2",
			"resolved": "https://registry.npmjs.org/is-decimal/-/is-decimal-1.0.2.tgz",
			"integrity": "sha512-TRzl7mOCchnhchN+f3ICUCzYvL9ul7R+TYOsZ8xia++knyZAJfv/uA1FvQXsAnYIl1T3B2X5E/J7Wb1QXiIBXg=="
		},
		"is-hexadecimal": {
			"version": "1.0.2",
			"resolved": "https://registry.npmjs.org/is-hexadecimal/-/is-hexadecimal-1.0.2.tgz",
			"integrity": "sha512-but/G3sapV3MNyqiDBLrOi4x8uCIw0RY3o/Vb5GT0sMFHrVV7731wFSVy41T5FO1og7G0gXLJh0MkgPRouko/A=="
		},
		"is-plain-obj": {
			"version": "1.1.0",
			"resolved": "https://registry.npmjs.org/is-plain-obj/-/is-plain-obj-1.1.0.tgz",
			"integrity": "sha1-caUMhCnfync8kqOQpKA7OfzVHT4="
		},
		"is-whitespace-character": {
			"version": "1.0.2",
			"resolved": "https://registry.npmjs.org/is-whitespace-character/-/is-whitespace-character-1.0.2.tgz",
			"integrity": "sha512-SzM+T5GKUCtLhlHFKt2SDAX2RFzfS6joT91F2/WSi9LxgFdsnhfPK/UIA+JhRR2xuyLdrCys2PiFDrtn1fU5hQ=="
		},
		"is-word-character": {
			"version": "1.0.2",
			"resolved": "https://registry.npmjs.org/is-word-character/-/is-word-character-1.0.2.tgz",
			"integrity": "sha512-T3FlsX8rCHAH8e7RE7PfOPZVFQlcV3XRF9eOOBQ1uf70OxO7CjjSOjeImMPCADBdYWcStAbVbYvJ1m2D3tb+EA=="
		},
		"isarray": {
			"version": "1.0.0",
			"resolved": "https://registry.npmjs.org/isarray/-/isarray-1.0.0.tgz",
			"integrity": "sha1-u5NdSFgsuhaMBoNJV6VKPgcSTxE="
		},
		"js-yaml": {
			"version": "3.13.1",
			"resolved": "https://registry.npmjs.org/js-yaml/-/js-yaml-3.13.1.tgz",
			"integrity": "sha512-YfbcO7jXDdyj0DGxYVSlSeQNHbD7XPWvrVWeVUujrQEoZzWJIRrCPoyk6kL6IAjAG2IolMK4T0hNUe0HOUs5Jw==",
			"requires": {
				"argparse": "^1.0.7",
				"esprima": "^4.0.0"
			}
		},
		"kebab-case": {
			"version": "1.0.0",
			"resolved": "https://registry.npmjs.org/kebab-case/-/kebab-case-1.0.0.tgz",
			"integrity": "sha1-P55JkK3K0MaGwOcB92RYaPdfkes="
		},
		"lodash": {
			"version": "4.17.21",
			"resolved": "https://registry.npmjs.org/lodash/-/lodash-4.17.21.tgz",
			"integrity": "sha512-v2kDEe57lecTulaDIuNTPy3Ry4gLGJ6Z1O3vE1krgXZNrsQ+LFTGHVxVjcXPs17LhbZVGedAJv8XZ1tvj5FvSg=="
		},
		"longest-streak": {
			"version": "2.0.2",
			"resolved": "https://registry.npmjs.org/longest-streak/-/longest-streak-2.0.2.tgz",
			"integrity": "sha512-TmYTeEYxiAmSVdpbnQDXGtvYOIRsCMg89CVZzwzc2o7GFL1CjoiRPjH5ec0NFAVlAx3fVof9dX/t6KKRAo2OWA=="
		},
		"lowlight": {
			"version": "1.10.0",
			"resolved": "https://registry.npmjs.org/lowlight/-/lowlight-1.10.0.tgz",
			"integrity": "sha512-ABxJUAYNftRU6b2vC3HlVf2pEln9ViUpfZWDOtsraVhGrcYUSzIe8cldF+mK6FQTaK6ba7dNDPoGOQTFVfiqxg==",
			"requires": {
				"fault": "^1.0.2",
				"highlight.js": "~9.12.0"
			}
		},
		"markdown-escapes": {
			"version": "1.0.2",
			"resolved": "https://registry.npmjs.org/markdown-escapes/-/markdown-escapes-1.0.2.tgz",
			"integrity": "sha512-lbRZ2mE3Q9RtLjxZBZ9+IMl68DKIXaVAhwvwn9pmjnPLS0h/6kyBMgNhqi1xFJ/2yv6cSyv0jbiZavZv93JkkA=="
		},
		"markdown-table": {
			"version": "1.1.2",
			"resolved": "https://registry.npmjs.org/markdown-table/-/markdown-table-1.1.2.tgz",
			"integrity": "sha512-NcWuJFHDA8V3wkDgR/j4+gZx+YQwstPgfQDV8ndUeWWzta3dnDTBxpVzqS9lkmJAuV5YX35lmyojl6HO5JXAgw=="
		},
		"mdast-util-compact": {
			"version": "1.0.2",
			"resolved": "https://registry.npmjs.org/mdast-util-compact/-/mdast-util-compact-1.0.2.tgz",
			"integrity": "sha512-d2WS98JSDVbpSsBfVvD9TaDMlqPRz7ohM/11G0rp5jOBb5q96RJ6YLszQ/09AAixyzh23FeIpCGqfaamEADtWg==",
			"requires": {
				"unist-util-visit": "^1.1.0"
			}
		},
		"mdast-util-definitions": {
			"version": "1.2.3",
			"resolved": "https://registry.npmjs.org/mdast-util-definitions/-/mdast-util-definitions-1.2.3.tgz",
			"integrity": "sha512-P6wpRO8YVQ1iv30maMc93NLh7COvufglBE8/ldcOyYmk5EbfF0YeqlLgtqP/FOBU501Kqar1x5wYWwB3Nga74g==",
			"requires": {
				"unist-util-visit": "^1.0.0"
			}
		},
		"mdast-util-to-hast": {
			"version": "3.0.2",
			"resolved": "https://registry.npmjs.org/mdast-util-to-hast/-/mdast-util-to-hast-3.0.2.tgz",
			"integrity": "sha512-YI8Ea3TFWEZrS31+6Q/d8ZYTOSDKM06IPc3l2+OMFX1o3JTG2mrztlmzDsUMwIXLWofEdTVl/WXBgRG6ddlU/A==",
			"requires": {
				"collapse-white-space": "^1.0.0",
				"detab": "^2.0.0",
				"mdast-util-definitions": "^1.2.0",
				"mdurl": "^1.0.1",
				"trim": "0.0.1",
				"trim-lines": "^1.0.0",
				"unist-builder": "^1.0.1",
				"unist-util-generated": "^1.1.0",
				"unist-util-position": "^3.0.0",
				"unist-util-visit": "^1.1.0",
				"xtend": "^4.0.1"
			}
		},
		"mdurl": {
			"version": "1.0.1",
			"resolved": "https://registry.npmjs.org/mdurl/-/mdurl-1.0.1.tgz",
			"integrity": "sha1-/oWy7HWlkDfyrf7BAP1sYBdhFS4="
		},
		"mime-db": {
			"version": "1.25.0",
			"resolved": "http://registry.npmjs.org/mime-db/-/mime-db-1.25.0.tgz",
			"integrity": "sha1-wY29fHOl2/b0SgJNwNFloeexw5I="
		},
		"mime-types": {
			"version": "2.1.13",
			"resolved": "http://registry.npmjs.org/mime-types/-/mime-types-2.1.13.tgz",
			"integrity": "sha1-4HqqnGxrmnyjASxpADrSWjnpKog=",
			"requires": {
				"mime-db": "~1.25.0"
			}
		},
		"minimatch": {
			"version": "3.0.4",
			"resolved": "https://registry.npmjs.org/minimatch/-/minimatch-3.0.4.tgz",
			"integrity": "sha512-yJHVQEhyqPLUTgt9B83PXu6W3rx4MvvHvSUvToogpwoGDOUQ+yDrR0HRot+yOCdCO7u4hX3pWft6kWBBcqh0UA==",
			"requires": {
				"brace-expansion": "^1.1.7"
			}
		},
		"minimist": {
			"version": "0.0.8",
			"resolved": "http://registry.npmjs.org/minimist/-/minimist-0.0.8.tgz",
			"integrity": "sha1-hX/Kv8M5fSYluCKCYuhqp6ARsF0="
		},
		"mkdirp": {
			"version": "0.5.1",
			"resolved": "http://registry.npmjs.org/mkdirp/-/mkdirp-0.5.1.tgz",
			"integrity": "sha1-MAV0OOrGz3+MR2fzhkjWaX11yQM=",
			"requires": {
				"minimist": "0.0.8"
			}
		},
		"object-assign": {
			"version": "4.1.1",
			"resolved": "https://registry.npmjs.org/object-assign/-/object-assign-4.1.1.tgz",
			"integrity": "sha1-IQmtx5ZYh8/AXLvUQsrIv7s2CGM="
		},
		"once": {
			"version": "1.4.0",
			"resolved": "https://registry.npmjs.org/once/-/once-1.4.0.tgz",
			"integrity": "sha1-WDsap3WWHUsROsF9nFC6753Xa9E=",
			"requires": {
				"wrappy": "1"
			}
		},
		"parse-entities": {
			"version": "1.2.0",
			"resolved": "https://registry.npmjs.org/parse-entities/-/parse-entities-1.2.0.tgz",
			"integrity": "sha512-XXtDdOPLSB0sHecbEapQi6/58U/ODj/KWfIXmmMCJF/eRn8laX6LZbOyioMoETOOJoWRW8/qTSl5VQkUIfKM5g==",
			"requires": {
				"character-entities": "^1.0.0",
				"character-entities-legacy": "^1.0.0",
				"character-reference-invalid": "^1.0.0",
				"is-alphanumerical": "^1.0.0",
				"is-decimal": "^1.0.0",
				"is-hexadecimal": "^1.0.0"
			}
		},
		"parse5": {
			"version": "3.0.3",
			"resolved": "https://registry.npmjs.org/parse5/-/parse5-3.0.3.tgz",
			"integrity": "sha512-rgO9Zg5LLLkfJF9E6CCmXlSE4UVceloys8JrFqCcHloC3usd/kJCyPDwH2SOlzix2j3xaP9sUX3e8+kvkuleAA==",
			"requires": {
				"@types/node": "*"
			}
		},
		"path-is-absolute": {
			"version": "1.0.1",
			"resolved": "https://registry.npmjs.org/path-is-absolute/-/path-is-absolute-1.0.1.tgz",
			"integrity": "sha1-F0uSaHNVNP+8es5r9TpanhtcX18="
		},
		"process-nextick-args": {
			"version": "2.0.0",
			"resolved": "https://registry.npmjs.org/process-nextick-args/-/process-nextick-args-2.0.0.tgz",
			"integrity": "sha512-MtEC1TqN0EU5nephaJ4rAtThHtC86dNN9qCuEhtshvpVBkAW5ZO7BASN9REnF9eoXGcRub+pFuKEpOHE+HbEMw=="
		},
		"property-information": {
			"version": "3.2.0",
			"resolved": "https://registry.npmjs.org/property-information/-/property-information-3.2.0.tgz",
			"integrity": "sha1-/RSDyPusYYCPX+NZ52k6H0ilgzE="
		},
		"readable-stream": {
			"version": "2.3.6",
			"resolved": "http://registry.npmjs.org/readable-stream/-/readable-stream-2.3.6.tgz",
			"integrity": "sha512-tQtKA9WIAhBF3+VLAseyMqZeBjW0AHJoxOtYqSUZNJxauErmLbVm2FW1y+J/YA9dUrAC39ITejlZWhVIwawkKw==",
			"requires": {
				"core-util-is": "~1.0.0",
				"inherits": "~2.0.3",
				"isarray": "~1.0.0",
				"process-nextick-args": "~2.0.0",
				"safe-buffer": "~5.1.1",
				"string_decoder": "~1.1.1",
				"util-deprecate": "~1.0.1"
			}
		},
		"remark": {
			"version": "8.0.0",
			"resolved": "https://registry.npmjs.org/remark/-/remark-8.0.0.tgz",
			"integrity": "sha512-K0PTsaZvJlXTl9DN6qYlvjTkqSZBFELhROZMrblm2rB+085flN84nz4g/BscKRMqDvhzlK1oQ/xnWQumdeNZYw==",
			"requires": {
				"remark-parse": "^4.0.0",
				"remark-stringify": "^4.0.0",
				"unified": "^6.0.0"
			}
		},
		"remark-html": {
			"version": "7.0.0",
			"resolved": "https://registry.npmjs.org/remark-html/-/remark-html-7.0.0.tgz",
			"integrity": "sha512-jqRzkZXCkM12gIY2ibMLTW41m7rfanliMTVQCFTezHJFsbH00YaTox/BX4gU+f/zCdzfhFJONtebFByvpMv37w==",
			"requires": {
				"hast-util-sanitize": "^1.0.0",
				"hast-util-to-html": "^3.0.0",
				"mdast-util-to-hast": "^3.0.0",
				"xtend": "^4.0.1"
			}
		},
		"remark-parse": {
			"version": "4.0.0",
			"resolved": "https://registry.npmjs.org/remark-parse/-/remark-parse-4.0.0.tgz",
			"integrity": "sha512-XZgICP2gJ1MHU7+vQaRM+VA9HEL3X253uwUM/BGgx3iv6TH2B3bF3B8q00DKcyP9YrJV+/7WOWEWBFF/u8cIsw==",
			"requires": {
				"collapse-white-space": "^1.0.2",
				"is-alphabetical": "^1.0.0",
				"is-decimal": "^1.0.0",
				"is-whitespace-character": "^1.0.0",
				"is-word-character": "^1.0.0",
				"markdown-escapes": "^1.0.0",
				"parse-entities": "^1.0.2",
				"repeat-string": "^1.5.4",
				"state-toggle": "^1.0.0",
				"trim": "0.0.1",
				"trim-trailing-lines": "^1.0.0",
				"unherit": "^1.0.4",
				"unist-util-remove-position": "^1.0.0",
				"vfile-location": "^2.0.0",
				"xtend": "^4.0.1"
			}
		},
		"remark-stringify": {
			"version": "4.0.0",
			"resolved": "https://registry.npmjs.org/remark-stringify/-/remark-stringify-4.0.0.tgz",
			"integrity": "sha512-xLuyKTnuQer3ke9hkU38SUYLiTmS078QOnoFavztmbt/pAJtNSkNtFgR0U//uCcmG0qnyxao+PDuatQav46F1w==",
			"requires": {
				"ccount": "^1.0.0",
				"is-alphanumeric": "^1.0.0",
				"is-decimal": "^1.0.0",
				"is-whitespace-character": "^1.0.0",
				"longest-streak": "^2.0.1",
				"markdown-escapes": "^1.0.0",
				"markdown-table": "^1.1.0",
				"mdast-util-compact": "^1.0.0",
				"parse-entities": "^1.0.2",
				"repeat-string": "^1.5.4",
				"state-toggle": "^1.0.0",
				"stringify-entities": "^1.0.1",
				"unherit": "^1.0.4",
				"xtend": "^4.0.1"
			}
		},
		"repeat-string": {
			"version": "1.6.1",
			"resolved": "https://registry.npmjs.org/repeat-string/-/repeat-string-1.6.1.tgz",
			"integrity": "sha1-jcrkcOHIirwtYA//Sndihtp15jc="
		},
		"replace-ext": {
			"version": "1.0.0",
			"resolved": "https://registry.npmjs.org/replace-ext/-/replace-ext-1.0.0.tgz",
			"integrity": "sha1-3mMSg3P8v3w8z6TeWkgMRaZ5WOs="
		},
		"rss": {
			"version": "1.2.2",
			"resolved": "https://registry.npmjs.org/rss/-/rss-1.2.2.tgz",
			"integrity": "sha1-UKFpiHYTgTOnT5oF0r3I240nqSE=",
			"requires": {
				"mime-types": "2.1.13",
				"xml": "1.0.1"
			}
		},
		"safe-buffer": {
			"version": "5.1.2",
			"resolved": "https://registry.npmjs.org/safe-buffer/-/safe-buffer-5.1.2.tgz",
			"integrity": "sha512-Gd2UZBJDkXlY7GbJxfsE8/nvKkUEU1G38c1siN6QP6a9PT9MmHB8GnpscSmMJSoF8LOIrt8ud/wPtojys4G6+g=="
		},
		"space-separated-tokens": {
			"version": "1.1.2",
			"resolved": "https://registry.npmjs.org/space-separated-tokens/-/space-separated-tokens-1.1.2.tgz",
			"integrity": "sha512-G3jprCEw+xFEs0ORweLmblJ3XLymGGr6hxZYTYZjIlvDti9vOBUjRQa1Rzjt012aRrocKstHwdNi+F7HguPsEA==",
			"requires": {
				"trim": "0.0.1"
			}
		},
		"split": {
			"version": "1.0.1",
			"resolved": "https://registry.npmjs.org/split/-/split-1.0.1.tgz",
			"integrity": "sha512-mTyOoPbrivtXnwnIxZRFYRrPNtEFKlpB2fvjSnCQUiAA6qAZzqwna5envK4uk6OIeP17CsdF3rSBGYVBsU0Tkg==",
			"requires": {
				"through": "2"
			}
		},
		"sprintf-js": {
			"version": "1.0.3",
			"resolved": "https://registry.npmjs.org/sprintf-js/-/sprintf-js-1.0.3.tgz",
			"integrity": "sha1-BOaSb2YolTVPPdAVIDYzuFcpfiw="
		},
		"state-toggle": {
			"version": "1.0.1",
			"resolved": "https://registry.npmjs.org/state-toggle/-/state-toggle-1.0.1.tgz",
			"integrity": "sha512-Qe8QntFrrpWTnHwvwj2FZTgv+PKIsp0B9VxLzLLbSpPXWOgRgc5LVj/aTiSfK1RqIeF9jeC1UeOH8Q8y60A7og=="
		},
		"stream-combiner": {
			"version": "0.2.2",
			"resolved": "http://registry.npmjs.org/stream-combiner/-/stream-combiner-0.2.2.tgz",
			"integrity": "sha1-rsjLrBd7Vrb0+kec7YwZEs7lKFg=",
			"requires": {
				"duplexer": "~0.1.1",
				"through": "~2.3.4"
			}
		},
		"string_decoder": {
			"version": "1.1.1",
			"resolved": "https://registry.npmjs.org/string_decoder/-/string_decoder-1.1.1.tgz",
			"integrity": "sha512-n/ShnvDi6FHbbVfviro+WojiFzv+s8MPMHBczVePfUpDJLwoLT0ht1l4YwBCbi8pJAveEEdnkHyPyTP/mzRfwg==",
			"requires": {
				"safe-buffer": "~5.1.0"
			}
		},
		"stringify-entities": {
			"version": "1.3.2",
			"resolved": "https://registry.npmjs.org/stringify-entities/-/stringify-entities-1.3.2.tgz",
			"integrity": "sha512-nrBAQClJAPN2p+uGCVJRPIPakKeKWZ9GtBCmormE7pWOSlHat7+x5A8gx85M7HM5Dt0BP3pP5RhVW77WdbJJ3A==",
			"requires": {
				"character-entities-html4": "^1.0.0",
				"character-entities-legacy": "^1.0.0",
				"is-alphanumerical": "^1.0.0",
				"is-hexadecimal": "^1.0.0"
			}
		},
		"strip-ansi": {
			"version": "4.0.0",
			"resolved": "https://registry.npmjs.org/strip-ansi/-/strip-ansi-4.0.0.tgz",
			"integrity": "sha1-qEeQIusaw2iocTibY1JixQXuNo8=",
			"requires": {
				"ansi-regex": "^3.0.0"
			}
		},
		"striptags": {
			"version": "3.2.0",
			"resolved": "https://registry.npmjs.org/striptags/-/striptags-3.2.0.tgz",
			"integrity": "sha512-g45ZOGzHDMe2bdYMdIvdAfCQkCTDMGBazSw1ypMowwGIee7ZQ5dU0rBJ8Jqgl+jAKIv4dbeE1jscZq9wid1Tkw=="
		},
		"supports-color": {
			"version": "5.5.0",
			"resolved": "https://registry.npmjs.org/supports-color/-/supports-color-5.5.0.tgz",
			"integrity": "sha512-QjVjwdXIt408MIiAqCX4oUKsgU2EqAGzs2Ppkm4aQYbjm+ZEWEcW4SfFNTr4uMNZma0ey4f5lgLrkB0aX0QMow==",
			"requires": {
				"has-flag": "^3.0.0"
			}
		},
		"through": {
			"version": "2.3.8",
			"resolved": "http://registry.npmjs.org/through/-/through-2.3.8.tgz",
			"integrity": "sha1-DdTJ/6q8NXlgsbckEV1+Doai4fU="
		},
		"through2": {
			"version": "2.0.3",
			"resolved": "https://registry.npmjs.org/through2/-/through2-2.0.3.tgz",
			"integrity": "sha1-AARWmzfHx0ujnEPzzteNGtlBQL4=",
			"requires": {
				"readable-stream": "^2.1.5",
				"xtend": "~4.0.1"
			}
		},
		"trim": {
			"version": "0.0.1",
			"resolved": "https://registry.npmjs.org/trim/-/trim-0.0.1.tgz",
			"integrity": "sha1-WFhUf2spB1fulczMZm+1AITEYN0="
		},
		"trim-lines": {
			"version": "1.1.1",
			"resolved": "https://registry.npmjs.org/trim-lines/-/trim-lines-1.1.1.tgz",
			"integrity": "sha512-X+eloHbgJGxczUk1WSjIvn7aC9oN3jVE3rQfRVKcgpavi3jxtCn0VVKtjOBj64Yop96UYn/ujJRpTbCdAF1vyg=="
		},
		"trim-trailing-lines": {
			"version": "1.1.1",
			"resolved": "https://registry.npmjs.org/trim-trailing-lines/-/trim-trailing-lines-1.1.1.tgz",
			"integrity": "sha512-bWLv9BbWbbd7mlqqs2oQYnLD/U/ZqeJeJwbO0FG2zA1aTq+HTvxfHNKFa/HGCVyJpDiioUYaBhfiT6rgk+l4mg=="
		},
		"trough": {
			"version": "1.0.3",
			"resolved": "https://registry.npmjs.org/trough/-/trough-1.0.3.tgz",
			"integrity": "sha512-fwkLWH+DimvA4YCy+/nvJd61nWQQ2liO/nF/RjkTpiOGi+zxZzVkhb1mvbHIIW4b/8nDsYI8uTmAlc0nNkRMOw=="
		},
		"unherit": {
			"version": "1.1.1",
			"resolved": "https://registry.npmjs.org/unherit/-/unherit-1.1.1.tgz",
			"integrity": "sha512-+XZuV691Cn4zHsK0vkKYwBEwB74T3IZIcxrgn2E4rKwTfFyI1zCh7X7grwh9Re08fdPlarIdyWgI8aVB3F5A5g==",
			"requires": {
				"inherits": "^2.0.1",
				"xtend": "^4.0.1"
			}
		},
		"unified": {
			"version": "6.2.0",
			"resolved": "https://registry.npmjs.org/unified/-/unified-6.2.0.tgz",
			"integrity": "sha512-1k+KPhlVtqmG99RaTbAv/usu85fcSRu3wY8X+vnsEhIxNP5VbVIDiXnLqyKIG+UMdyTg0ZX9EI6k2AfjJkHPtA==",
			"requires": {
				"bail": "^1.0.0",
				"extend": "^3.0.0",
				"is-plain-obj": "^1.1.0",
				"trough": "^1.0.0",
				"vfile": "^2.0.0",
				"x-is-string": "^0.1.0"
			}
		},
		"unist-builder": {
			"version": "1.0.3",
			"resolved": "https://registry.npmjs.org/unist-builder/-/unist-builder-1.0.3.tgz",
			"integrity": "sha512-/KB8GEaoeHRyIqClL+Kam+Y5NWJ6yEiPsAfv1M+O1p+aKGgjR89WwoEHKTyOj17L6kAlqtKpAgv2nWvdbQDEig==",
			"requires": {
				"object-assign": "^4.1.0"
			}
		},
		"unist-util-generated": {
			"version": "1.1.2",
			"resolved": "https://registry.npmjs.org/unist-util-generated/-/unist-util-generated-1.1.2.tgz",
			"integrity": "sha512-1HcwiEO62dr0XWGT+abVK4f0aAm8Ik8N08c5nAYVmuSxfvpA9rCcNyX/le8xXj1pJK5nBrGlZefeWB6bN8Pstw=="
		},
		"unist-util-is": {
			"version": "2.1.2",
			"resolved": "https://registry.npmjs.org/unist-util-is/-/unist-util-is-2.1.2.tgz",
			"integrity": "sha512-YkXBK/H9raAmG7KXck+UUpnKiNmUdB+aBGrknfQ4EreE1banuzrKABx3jP6Z5Z3fMSPMQQmeXBlKpCbMwBkxVw=="
		},
		"unist-util-position": {
			"version": "3.0.1",
			"resolved": "https://registry.npmjs.org/unist-util-position/-/unist-util-position-3.0.1.tgz",
			"integrity": "sha512-05QfJDPI7PE1BIUtAxeSV+cDx21xP7+tUZgSval5CA7tr0pHBwybF7OnEa1dOFqg6BfYH/qiMUnWwWj+Frhlww=="
		},
		"unist-util-remove-position": {
			"version": "1.1.2",
			"resolved": "https://registry.npmjs.org/unist-util-remove-position/-/unist-util-remove-position-1.1.2.tgz",
			"integrity": "sha512-XxoNOBvq1WXRKXxgnSYbtCF76TJrRoe5++pD4cCBsssSiWSnPEktyFrFLE8LTk3JW5mt9hB0Sk5zn4x/JeWY7Q==",
			"requires": {
				"unist-util-visit": "^1.1.0"
			}
		},
		"unist-util-stringify-position": {
			"version": "1.1.2",
			"resolved": "https://registry.npmjs.org/unist-util-stringify-position/-/unist-util-stringify-position-1.1.2.tgz",
			"integrity": "sha512-pNCVrk64LZv1kElr0N1wPiHEUoXNVFERp+mlTg/s9R5Lwg87f9bM/3sQB99w+N9D/qnM9ar3+AKDBwo/gm/iQQ=="
		},
		"unist-util-visit": {
			"version": "1.4.0",
			"resolved": "https://registry.npmjs.org/unist-util-visit/-/unist-util-visit-1.4.0.tgz",
			"integrity": "sha512-FiGu34ziNsZA3ZUteZxSFaczIjGmksfSgdKqBfOejrrfzyUy5b7YrlzT1Bcvi+djkYDituJDy2XB7tGTeBieKw==",
			"requires": {
				"unist-util-visit-parents": "^2.0.0"
			}
		},
		"unist-util-visit-parents": {
			"version": "2.0.1",
			"resolved": "https://registry.npmjs.org/unist-util-visit-parents/-/unist-util-visit-parents-2.0.1.tgz",
			"integrity": "sha512-6B0UTiMfdWql4cQ03gDTCSns+64Zkfo2OCbK31Ov0uMizEz+CJeAp0cgZVb5Fhmcd7Bct2iRNywejT0orpbqUA==",
			"requires": {
				"unist-util-is": "^2.1.2"
			}
		},
		"util-deprecate": {
			"version": "1.0.2",
			"resolved": "https://registry.npmjs.org/util-deprecate/-/util-deprecate-1.0.2.tgz",
			"integrity": "sha1-RQ1Nyfpw3nMnYvvS1KKJgUGaDM8="
		},
		"vdo": {
			"version": "4.2.0",
			"resolved": "https://registry.npmjs.org/vdo/-/vdo-4.2.0.tgz",
			"integrity": "sha1-xFNx9HMTs913ET090FkV+ZlJVog=",
			"requires": {
				"escape-html": "^1.0.3",
				"flatten": "^1.0.2"
			}
		},
		"vfile": {
			"version": "2.3.0",
			"resolved": "https://registry.npmjs.org/vfile/-/vfile-2.3.0.tgz",
			"integrity": "sha512-ASt4mBUHcTpMKD/l5Q+WJXNtshlWxOogYyGYYrg4lt/vuRjC1EFQtlAofL5VmtVNIZJzWYFJjzGWZ0Gw8pzW1w==",
			"requires": {
				"is-buffer": "^1.1.4",
				"replace-ext": "1.0.0",
				"unist-util-stringify-position": "^1.0.0",
				"vfile-message": "^1.0.0"
			}
		},
		"vfile-location": {
			"version": "2.0.3",
			"resolved": "https://registry.npmjs.org/vfile-location/-/vfile-location-2.0.3.tgz",
			"integrity": "sha512-zM5/l4lfw1CBoPx3Jimxoc5RNDAHHpk6AM6LM0pTIkm5SUSsx8ZekZ0PVdf0WEZ7kjlhSt7ZlqbRL6Cd6dBs6A=="
		},
		"vfile-message": {
			"version": "1.0.1",
			"resolved": "https://registry.npmjs.org/vfile-message/-/vfile-message-1.0.1.tgz",
			"integrity": "sha512-vSGCkhNvJzO6VcWC6AlJW4NtYOVtS+RgCaqFIYUjoGIlHnFL+i0LbtYvonDWOMcB97uTPT4PRsyYY7REWC9vug==",
			"requires": {
				"unist-util-stringify-position": "^1.1.1"
			}
		},
		"wrappy": {
			"version": "1.0.2",
			"resolved": "https://registry.npmjs.org/wrappy/-/wrappy-1.0.2.tgz",
			"integrity": "sha1-tSQ9jz7BqjXxNkYFvA0QNuMKtp8="
		},
		"x-is-string": {
			"version": "0.1.0",
			"resolved": "https://registry.npmjs.org/x-is-string/-/x-is-string-0.1.0.tgz",
			"integrity": "sha1-R0tQhlrzpJqcRlfwWs0UVFj3fYI="
		},
		"xml": {
			"version": "1.0.1",
			"resolved": "https://registry.npmjs.org/xml/-/xml-1.0.1.tgz",
			"integrity": "sha1-eLpyAgApxbyHuKgaPPzXS0ovweU="
		},
		"xtend": {
			"version": "4.0.1",
			"resolved": "https://registry.npmjs.org/xtend/-/xtend-4.0.1.tgz",
			"integrity": "sha1-pcbVMr5lbiPbgg77lDofBJmNY68="
		}
	}
}
