{
  "name": "richtypo",
  "version": "4.1.15",
  "lockfileVersion": 1,
  "requires": true,
  "dependencies": {
    "@arr/flatten": {
      "version": "1.0.0",
      "resolved": "https://registry.npmjs.org/@arr/flatten/-/flatten-1.0.0.tgz",
      "integrity": "sha1-bwJa4vYz9OAyKQUgi7xBMTsWm0k="
    }
  }
}
